
Microsoft Visual Studio Solution File, Format Version 12.00
# Visual Studio Version 16
VisualStudioVersion = 16.0.30225.117
MinimumVisualStudioVersion = 10.0.40219.1
Project("{FAE04EC0-301F-11D3-BF4B-00C04F79EFBC}") = "App2048", "App2048\App2048.csproj", "{7C046FCE-4B0B-4520-B7CA-415CF87076CC}"
EndProject
Global
	GlobalSection(SolutionConfigurationPlatforms) = preSolution
		Debug|Any CPU = Debug|Any CPU
		Release|Any CPU = Release|Any CPU
	EndGlobalSection
	GlobalSection(ProjectConfigurationPlatforms) = postSolution
		{7C046FCE-4B0B-4520-B7CA-415CF87076CC}.Debug|Any CPU.ActiveCfg = Debug|Any CPU
		{7C046FCE-4B0B-4520-B7CA-415CF87076CC}.Debug|Any CPU.Build.0 = Debug|Any CPU
		{7C046FCE-4B0B-4520-B7CA-415CF87076CC}.Release|Any CPU.ActiveCfg = Release|Any CPU
		{7C046FCE-4B0B-4520-B7CA-415CF87076CC}.Release|Any CPU.Build.0 = Release|Any CPU
	EndGlobalSection
	GlobalSection(SolutionProperties) = preSolution
		HideSolutionNode = FALSE
	EndGlobalSection
	GlobalSection(ExtensibilityGlobals) = postSolution
		SolutionGuid = {6B5A6753-D179-4575-9433-D9DAFECFF165}
	EndGlobalSection
EndGlobal
